
Microsoft Visual Studio Solution File, Format Version 12.00
# Visual Studio 15
VisualStudioVersion = 15.0.27130.2036
MinimumVisualStudioVersion = 10.0.40219.1
Project("{FAE04EC0-301F-11D3-BF4B-00C04F79EFBC}") = "DirectoryInfoExtender", "DirectoryInfoExtender\DirectoryInfoExtender.csproj", "{36E52CAB-CFF0-4A0B-B8B7-E860FD9EBD86}"
EndProject
Global
	GlobalSection(SolutionConfigurationPlatforms) = preSolution
		Debug|Any CPU = Debug|Any CPU
		Release|Any CPU = Release|Any CPU
	EndGlobalSection
	GlobalSection(ProjectConfigurationPlatforms) = postSolution
		{36E52CAB-CFF0-4A0B-B8B7-E860FD9EBD86}.Debug|Any CPU.ActiveCfg = Debug|Any CPU
		{36E52CAB-CFF0-4A0B-B8B7-E860FD9EBD86}.Debug|Any CPU.Build.0 = Debug|Any CPU
		{36E52CAB-CFF0-4A0B-B8B7-E860FD9EBD86}.Release|Any CPU.ActiveCfg = Release|Any CPU
		{36E52CAB-CFF0-4A0B-B8B7-E860FD9EBD86}.Release|Any CPU.Build.0 = Release|Any CPU
	EndGlobalSection
	GlobalSection(SolutionProperties) = preSolution
		HideSolutionNode = FALSE
	EndGlobalSection
	GlobalSection(ExtensibilityGlobals) = postSolution
		SolutionGuid = {59B885A7-6A77-4425-A382-34C6D99A3A1C}
	EndGlobalSection
EndGlobal
